# THIS IS AN AUTOGENERATED FILE. DO NOT EDIT THIS FILE DIRECTLY.
# yarn lockfile v1


fullpage.js@^4.0.5:
  version "4.0.5"
  resolved "https://registry.yarnpkg.com/fullpage.js/-/fullpage.js-4.0.5.tgz#033880e792610a28fe4f7c9ee49eff33a7b38e14"
  integrity sha512-4OWRP08ogL35LwnNyDa8LNqRD0003HdolcVflfUyhMwAHVrpBNY9u1WYdAfnFEX7bd4vsermL7z22nmNqPWZvw==

gsap@^3.4.0:
  version "3.4.0"
  resolved "https://registry.yarnpkg.com/gsap/-/gsap-3.4.0.tgz#b1cec510b0dd30cbb115fb2bece37a3b86c9327d"
  integrity sha512-b/GJjLIl9X5bPrlQ6ek7KV6ZPKP2HsKXr7HcuTEQe4725SkCTialLHnrhglxZISIg+zCRrQXawexRUeKZz5CjQ==
