# THIS IS AN AUTOGENERATED FILE. DO NOT EDIT THIS FILE DIRECTLY.
# yarn lockfile v1


fullpage.js@^3.0.9:
  version "3.0.9"
  resolved "https://registry.yarnpkg.com/fullpage.js/-/fullpage.js-3.0.9.tgz#fc7dba41d521f020a51e9c00fb0fee0d2e11d552"
  integrity sha512-CBJZwOkOjX/RToG0L93LwJW4a+/67+AqGEvEagWh1N5KRgDXEOVKlo/TJzCzSI1LsOulb7yqXE8mOzRZzqeYMA==
